Microsoft Visual Studio Solution File, Format Version 12.00
# Visual Studio Version 17
VisualStudioVersion = 17.5.2.0
MinimumVisualStudioVersion = 10.0.40219.1
Project("{FAE04EC0-301F-11D3-BF4B-00C04F79EFBC}") = "Oasis", "Oasis.csproj", "{4F921BC3-2CCB-98DF-BCF3-C13FDA27B096}"
EndProject
Global
	GlobalSection(SolutionConfigurationPlatforms) = preSolution
		Debug|Any CPU = Debug|Any CPU
		Release|Any CPU = Release|Any CPU
	EndGlobalSection
	GlobalSection(ProjectConfigurationPlatforms) = postSolution
		{4F921BC3-2CCB-98DF-BCF3-C13FDA27B096}.Debug|Any CPU.ActiveCfg = Debug|Any CPU
		{4F921BC3-2CCB-98DF-BCF3-C13FDA27B096}.Debug|Any CPU.Build.0 = Debug|Any CPU
		{4F921BC3-2CCB-98DF-BCF3-C13FDA27B096}.Release|Any CPU.ActiveCfg = Release|Any CPU
		{4F921BC3-2CCB-98DF-BCF3-C13FDA27B096}.Release|Any CPU.Build.0 = Release|Any CPU
	EndGlobalSection
	GlobalSection(SolutionProperties) = preSolution
		HideSolutionNode = FALSE
	EndGlobalSection
	GlobalSection(ExtensibilityGlobals) = postSolution
		SolutionGuid = {35796515-2FBB-474A-BEFB-8BEE21830BF1}
	EndGlobalSection
EndGlobal
